
Microsoft Visual Studio Solution File, Format Version 12.00
# Visual Studio Version 16
VisualStudioVersion = 16.0.31205.134
MinimumVisualStudioVersion = 10.0.40219.1
Project("{9A19103F-16F7-4668-BE54-9A1E7A4F7556}") = "TesteTecerPeakInvest", "TesteTecerPeakInvest\TesteTecerPeakInvest.csproj", "{09897BC1-3892-453D-B008-B980CB00FD99}"
EndProject
Project("{9A19103F-16F7-4668-BE54-9A1E7A4F7556}") = "TesteTecerPeakInvestService", "TesteTecerPeakInvestService\TesteTecerPeakInvestService.csproj", "{BCEE4A3E-997C-4FB0-8329-52640031CD87}"
EndProject
Project("{9A19103F-16F7-4668-BE54-9A1E7A4F7556}") = "TesteTecerPeakInvestServiceDomain", "TesteTecerPeakInvestServiceDomain\TesteTecerPeakInvestServiceDomain.csproj", "{20331251-0D01-47FA-9572-0482CF717766}"
EndProject
Project("{9A19103F-16F7-4668-BE54-9A1E7A4F7556}") = "TesteTecerPeakInvestIoC", "TesteTecerPeakInvestIoC\TesteTecerPeakInvestIoC.csproj", "{69274662-ADFC-4B69-A994-90D76BBD39D8}"
EndProject
Project("{FAE04EC0-301F-11D3-BF4B-00C04F79EFBC}") = "TesteTecerPeakInvestRepository", "TesteTecerPeakInvestRepository\TesteTecerPeakInvestRepository.csproj", "{13FB4D39-F31C-4677-A3B0-71BBA1D61CCE}"
EndProject
Project("{FAE04EC0-301F-11D3-BF4B-00C04F79EFBC}") = "TesteTecerPeakInvestWeb", "TesteTecerPeakInvestWeb\TesteTecerPeakInvestWeb.csproj", "{A1494FD6-08C1-4B5B-A9F5-4FC686B9CBB2}"
EndProject
Global
	GlobalSection(SolutionConfigurationPlatforms) = preSolution
		Debug|Any CPU = Debug|Any CPU
		Release|Any CPU = Release|Any CPU
	EndGlobalSection
	GlobalSection(ProjectConfigurationPlatforms) = postSolution
		{09897BC1-3892-453D-B008-B980CB00FD99}.Debug|Any CPU.ActiveCfg = Debug|Any CPU
		{09897BC1-3892-453D-B008-B980CB00FD99}.Debug|Any CPU.Build.0 = Debug|Any CPU
		{09897BC1-3892-453D-B008-B980CB00FD99}.Release|Any CPU.ActiveCfg = Release|Any CPU
		{09897BC1-3892-453D-B008-B980CB00FD99}.Release|Any CPU.Build.0 = Release|Any CPU
		{BCEE4A3E-997C-4FB0-8329-52640031CD87}.Debug|Any CPU.ActiveCfg = Debug|Any CPU
		{BCEE4A3E-997C-4FB0-8329-52640031CD87}.Debug|Any CPU.Build.0 = Debug|Any CPU
		{BCEE4A3E-997C-4FB0-8329-52640031CD87}.Release|Any CPU.ActiveCfg = Release|Any CPU
		{BCEE4A3E-997C-4FB0-8329-52640031CD87}.Release|Any CPU.Build.0 = Release|Any CPU
		{20331251-0D01-47FA-9572-0482CF717766}.Debug|Any CPU.ActiveCfg = Debug|Any CPU
		{20331251-0D01-47FA-9572-0482CF717766}.Debug|Any CPU.Build.0 = Debug|Any CPU
		{20331251-0D01-47FA-9572-0482CF717766}.Release|Any CPU.ActiveCfg = Release|Any CPU
		{20331251-0D01-47FA-9572-0482CF717766}.Release|Any CPU.Build.0 = Release|Any CPU
		{69274662-ADFC-4B69-A994-90D76BBD39D8}.Debug|Any CPU.ActiveCfg = Debug|Any CPU
		{69274662-ADFC-4B69-A994-90D76BBD39D8}.Debug|Any CPU.Build.0 = Debug|Any CPU
		{69274662-ADFC-4B69-A994-90D76BBD39D8}.Release|Any CPU.ActiveCfg = Release|Any CPU
		{69274662-ADFC-4B69-A994-90D76BBD39D8}.Release|Any CPU.Build.0 = Release|Any CPU
		{13FB4D39-F31C-4677-A3B0-71BBA1D61CCE}.Debug|Any CPU.ActiveCfg = Debug|Any CPU
		{13FB4D39-F31C-4677-A3B0-71BBA1D61CCE}.Debug|Any CPU.Build.0 = Debug|Any CPU
		{13FB4D39-F31C-4677-A3B0-71BBA1D61CCE}.Release|Any CPU.ActiveCfg = Release|Any CPU
		{13FB4D39-F31C-4677-A3B0-71BBA1D61CCE}.Release|Any CPU.Build.0 = Release|Any CPU
		{A1494FD6-08C1-4B5B-A9F5-4FC686B9CBB2}.Debug|Any CPU.ActiveCfg = Debug|Any CPU
		{A1494FD6-08C1-4B5B-A9F5-4FC686B9CBB2}.Debug|Any CPU.Build.0 = Debug|Any CPU
		{A1494FD6-08C1-4B5B-A9F5-4FC686B9CBB2}.Release|Any CPU.ActiveCfg = Release|Any CPU
		{A1494FD6-08C1-4B5B-A9F5-4FC686B9CBB2}.Release|Any CPU.Build.0 = Release|Any CPU
	EndGlobalSection
	GlobalSection(SolutionProperties) = preSolution
		HideSolutionNode = FALSE
	EndGlobalSection
	GlobalSection(ExtensibilityGlobals) = postSolution
		SolutionGuid = {0EE27D29-967F-4F23-8F3E-7DA06FE67B18}
	EndGlobalSection
EndGlobal
